Microsoft Visual Studio Solution File, Format Version 12.00
# Visual Studio Version 17
VisualStudioVersion = 17.5.2.0
MinimumVisualStudioVersion = 10.0.40219.1
Project("{FAE04EC0-301F-11D3-BF4B-00C04F79EFBC}") = "Samwise", "Samwise.csproj", "{31E02926-6B0F-C4E0-DC29-53E9BE4A1D0D}"
EndProject
Global
	GlobalSection(SolutionConfigurationPlatforms) = preSolution
		Debug|Any CPU = Debug|Any CPU
		Release|Any CPU = Release|Any CPU
	EndGlobalSection
	GlobalSection(ProjectConfigurationPlatforms) = postSolution
		{31E02926-6B0F-C4E0-DC29-53E9BE4A1D0D}.Debug|Any CPU.ActiveCfg = Debug|Any CPU
		{31E02926-6B0F-C4E0-DC29-53E9BE4A1D0D}.Debug|Any CPU.Build.0 = Debug|Any CPU
		{31E02926-6B0F-C4E0-DC29-53E9BE4A1D0D}.Release|Any CPU.ActiveCfg = Release|Any CPU
		{31E02926-6B0F-C4E0-DC29-53E9BE4A1D0D}.Release|Any CPU.Build.0 = Release|Any CPU
	EndGlobalSection
	GlobalSection(SolutionProperties) = preSolution
		HideSolutionNode = FALSE
	EndGlobalSection
	GlobalSection(ExtensibilityGlobals) = postSolution
		SolutionGuid = {663A2F1B-411C-41C4-85A8-E40EEF7B5523}
	EndGlobalSection
EndGlobal
